
Microsoft Visual Studio Solution File, Format Version 12.00
# Visual Studio Version 18
VisualStudioVersion = 18.0.11018.127 d18.0
MinimumVisualStudioVersion = 10.0.40219.1
Project("{FAE04EC0-301F-11D3-BF4B-00C04F79EFBC}") = "image-app", "image-app.csproj", "{40E4C606-4A26-B389-5695-B75E9DBBC1E1}"
EndProject
Global
	GlobalSection(SolutionConfigurationPlatforms) = preSolution
		Debug|Any CPU = Debug|Any CPU
		Release|Any CPU = Release|Any CPU
	EndGlobalSection
	GlobalSection(ProjectConfigurationPlatforms) = postSolution
		{40E4C606-4A26-B389-5695-B75E9DBBC1E1}.Debug|Any CPU.ActiveCfg = Debug|Any CPU
		{40E4C606-4A26-B389-5695-B75E9DBBC1E1}.Debug|Any CPU.Build.0 = Debug|Any CPU
		{40E4C606-4A26-B389-5695-B75E9DBBC1E1}.Release|Any CPU.ActiveCfg = Release|Any CPU
		{40E4C606-4A26-B389-5695-B75E9DBBC1E1}.Release|Any CPU.Build.0 = Release|Any CPU
	EndGlobalSection
	GlobalSection(SolutionProperties) = preSolution
		HideSolutionNode = FALSE
	EndGlobalSection
	GlobalSection(ExtensibilityGlobals) = postSolution
		SolutionGuid = {A3E36868-C9CC-4B85-82DD-05E784D2EC82}
	EndGlobalSection
EndGlobal
